
Microsoft Visual Studio Solution File, Format Version 12.00
# Visual Studio Version 17
VisualStudioVersion = 17.10.35004.147
MinimumVisualStudioVersion = 10.0.40219.1
Project("{FAE04EC0-301F-11D3-BF4B-00C04F79EFBC}") = "Loop Practice", "Loop Practice\Loop Practice.csproj", "{4EF48A67-AD23-4219-BC23-14CA6CD6E5A7}"
EndProject
Global
	GlobalSection(SolutionConfigurationPlatforms) = preSolution
		Debug|Any CPU = Debug|Any CPU
		Release|Any CPU = Release|Any CPU
	EndGlobalSection
	GlobalSection(ProjectConfigurationPlatforms) = postSolution
		{4EF48A67-AD23-4219-BC23-14CA6CD6E5A7}.Debug|Any CPU.ActiveCfg = Debug|Any CPU
		{4EF48A67-AD23-4219-BC23-14CA6CD6E5A7}.Debug|Any CPU.Build.0 = Debug|Any CPU
		{4EF48A67-AD23-4219-BC23-14CA6CD6E5A7}.Release|Any CPU.ActiveCfg = Release|Any CPU
		{4EF48A67-AD23-4219-BC23-14CA6CD6E5A7}.Release|Any CPU.Build.0 = Release|Any CPU
	EndGlobalSection
	GlobalSection(SolutionProperties) = preSolution
		HideSolutionNode = FALSE
	EndGlobalSection
	GlobalSection(ExtensibilityGlobals) = postSolution
		SolutionGuid = {6663C943-ED33-4DA9-A161-F55B03607CA3}
	EndGlobalSection
EndGlobal
